
Microsoft Visual Studio Solution File, Format Version 12.00
Project("{FAE04EC0-301F-11D3-BF4B-00C04F79EFBC}") = "console_spec", "console_spec\console_spec.csproj", "{7CCFE49E-5E31-437B-8AB8-7105D46307E2}"
EndProject
Global
	GlobalSection(SolutionConfigurationPlatforms) = preSolution
		Debug|Any CPU = Debug|Any CPU
		Release|Any CPU = Release|Any CPU
	EndGlobalSection
	GlobalSection(ProjectConfigurationPlatforms) = postSolution
		{7CCFE49E-5E31-437B-8AB8-7105D46307E2}.Debug|Any CPU.ActiveCfg = Debug|Any CPU
		{7CCFE49E-5E31-437B-8AB8-7105D46307E2}.Debug|Any CPU.Build.0 = Debug|Any CPU
		{7CCFE49E-5E31-437B-8AB8-7105D46307E2}.Release|Any CPU.ActiveCfg = Release|Any CPU
		{7CCFE49E-5E31-437B-8AB8-7105D46307E2}.Release|Any CPU.Build.0 = Release|Any CPU
	EndGlobalSection
EndGlobal
